
Microsoft Visual Studio Solution File, Format Version 12.00
# Visual Studio Version 17
VisualStudioVersion = 17.4.33205.214
MinimumVisualStudioVersion = 10.0.40219.1
Project("{FAE04EC0-301F-11D3-BF4B-00C04F79EFBC}") = "Project1", "Project1\Project1.csproj", "{E35A95E8-6D7E-44D4-B426-0E8E802D162C}"
EndProject
Project("{FAE04EC0-301F-11D3-BF4B-00C04F79EFBC}") = "MortgageCalculatorNUnit", "MortgageCalculatorNUnit\MortgageCalculatorNUnit.csproj", "{12E2FC80-6EF3-4B0F-AA60-0A720B69197B}"
EndProject
Global
	GlobalSection(SolutionConfigurationPlatforms) = preSolution
		Debug|Any CPU = Debug|Any CPU
		Release|Any CPU = Release|Any CPU
	EndGlobalSection
	GlobalSection(ProjectConfigurationPlatforms) = postSolution
		{E35A95E8-6D7E-44D4-B426-0E8E802D162C}.Debug|Any CPU.ActiveCfg = Debug|Any CPU
		{E35A95E8-6D7E-44D4-B426-0E8E802D162C}.Debug|Any CPU.Build.0 = Debug|Any CPU
		{E35A95E8-6D7E-44D4-B426-0E8E802D162C}.Release|Any CPU.ActiveCfg = Release|Any CPU
		{E35A95E8-6D7E-44D4-B426-0E8E802D162C}.Release|Any CPU.Build.0 = Release|Any CPU
		{12E2FC80-6EF3-4B0F-AA60-0A720B69197B}.Debug|Any CPU.ActiveCfg = Debug|Any CPU
		{12E2FC80-6EF3-4B0F-AA60-0A720B69197B}.Debug|Any CPU.Build.0 = Debug|Any CPU
		{12E2FC80-6EF3-4B0F-AA60-0A720B69197B}.Release|Any CPU.ActiveCfg = Release|Any CPU
		{12E2FC80-6EF3-4B0F-AA60-0A720B69197B}.Release|Any CPU.Build.0 = Release|Any CPU
	EndGlobalSection
	GlobalSection(SolutionProperties) = preSolution
		HideSolutionNode = FALSE
	EndGlobalSection
	GlobalSection(ExtensibilityGlobals) = postSolution
		SolutionGuid = {C887E44C-B46F-45E1-8585-8BAA51D2465D}
	EndGlobalSection
EndGlobal
